// !$*UTF8*$!
{
	archiveVersion = 1;
	classes = {
	};
	objectVersion = 56;
	objects = {

/* Begin PBXBuildFile section */
		4344696C2927CEBD00FE0FB9 /* HomeViewModel.swift in Sources */ = {isa = PBXBuildFile; fileRef = 4344696B2927CEBD00FE0FB9 /* HomeViewModel.swift */; };
		4344698E292ABFBF00FE0FB9 /* CoinDataService.swift in Sources */ = {isa = PBXBuildFile; fileRef = 4344698D292ABFBF00FE0FB9 /* CoinDataService.swift */; };
		43446991292AD1C300FE0FB9 /* NetworkingManager.swift in Sources */ = {isa = PBXBuildFile; fileRef = 43446990292AD1C300FE0FB9 /* NetworkingManager.swift */; };
		4344699529311AD600FE0FB9 /* CoinImageView.swift in Sources */ = {isa = PBXBuildFile; fileRef = 4344699429311AD600FE0FB9 /* CoinImageView.swift */; };
		43A0792A29252CEB00D76D42 /* SwiftfulCryptoApp.swift in Sources */ = {isa = PBXBuildFile; fileRef = 43A0792929252CEB00D76D42 /* SwiftfulCryptoApp.swift */; };
		43A0792C29252CEB00D76D42 /* ContentView.swift in Sources */ = {isa = PBXBuildFile; fileRef = 43A0792B29252CEB00D76D42 /* ContentView.swift */; };
		43A0792E29252CEC00D76D42 /* Assets.xcassets in Resources */ = {isa = PBXBuildFile; fileRef = 43A0792D29252CEC00D76D42 /* Assets.xcassets */; };
		43A0793129252CEC00D76D42 /* Preview Assets.xcassets in Resources */ = {isa = PBXBuildFile; fileRef = 43A0793029252CEC00D76D42 /* Preview Assets.xcassets */; };
		43A0793A2925308B00D76D42 /* Color.swift in Sources */ = {isa = PBXBuildFile; fileRef = 43A079392925308B00D76D42 /* Color.swift */; };
		43A0793D2925354C00D76D42 /* HomeView.swift in Sources */ = {isa = PBXBuildFile; fileRef = 43A0793C2925354C00D76D42 /* HomeView.swift */; };
		43A07942292580FF00D76D42 /* CircleButtonView.swift in Sources */ = {isa = PBXBuildFile; fileRef = 43A07941292580FF00D76D42 /* CircleButtonView.swift */; };
		43A079462925873800D76D42 /* CircleButtonAnimationView.swift in Sources */ = {isa = PBXBuildFile; fileRef = 43A079452925873800D76D42 /* CircleButtonAnimationView.swift */; };
		43A079482926803A00D76D42 /* CoinModel.swift in Sources */ = {isa = PBXBuildFile; fileRef = 43A079472926803A00D76D42 /* CoinModel.swift */; };
		43A0794B2926AED500D76D42 /* CoinRowView.swift in Sources */ = {isa = PBXBuildFile; fileRef = 43A0794A2926AED500D76D42 /* CoinRowView.swift */; };
		43A0794D2926AF4D00D76D42 /* PreviewProvider.swift in Sources */ = {isa = PBXBuildFile; fileRef = 43A0794C2926AF4D00D76D42 /* PreviewProvider.swift */; };
		43A0794F2926B40400D76D42 /* Double.swift in Sources */ = {isa = PBXBuildFile; fileRef = 43A0794E2926B40400D76D42 /* Double.swift */; };
/* End PBXBuildFile section */

/* Begin PBXFileReference section */
		4344696B2927CEBD00FE0FB9 /* HomeViewModel.swift */ = {isa = PBXFileReference; lastKnownFileType = sourcecode.swift; path = HomeViewModel.swift; sourceTree = "<group>"; };
		4344698D292ABFBF00FE0FB9 /* CoinDataService.swift */ = {isa = PBXFileReference; lastKnownFileType = sourcecode.swift; path = CoinDataService.swift; sourceTree = "<group>"; };
		43446990292AD1C300FE0FB9 /* NetworkingManager.swift */ = {isa = PBXFileReference; lastKnownFileType = sourcecode.swift; path = NetworkingManager.swift; sourceTree = "<group>"; };
		4344699429311AD600FE0FB9 /* CoinImageView.swift */ = {isa = PBXFileReference; lastKnownFileType = sourcecode.swift; path = CoinImageView.swift; sourceTree = "<group>"; };
		43A0792629252CEB00D76D42 /* SwiftfulCrypto.app */ = {isa = PBXFileReference; explicitFileType = wrapper.application; includeInIndex = 0; path = SwiftfulCrypto.app; sourceTree = BUILT_PRODUCTS_DIR; };
		43A0792929252CEB00D76D42 /* SwiftfulCryptoApp.swift */ = {isa = PBXFileReference; lastKnownFileType = sourcecode.swift; path = SwiftfulCryptoApp.swift; sourceTree = "<group>"; };
		43A0792B29252CEB00D76D42 /* ContentView.swift */ = {isa = PBXFileReference; lastKnownFileType = sourcecode.swift; path = ContentView.swift; sourceTree = "<group>"; };
		43A0792D29252CEC00D76D42 /* Assets.xcassets */ = {isa = PBXFileReference; lastKnownFileType = folder.assetcatalog; path = Assets.xcassets; sourceTree = "<group>"; };
		43A0793029252CEC00D76D42 /* Preview Assets.xcassets */ = {isa = PBXFileReference; lastKnownFileType = folder.assetcatalog; path = "Preview Assets.xcassets"; sourceTree = "<group>"; };
		43A079392925308B00D76D42 /* Color.swift */ = {isa = PBXFileReference; lastKnownFileType = sourcecode.swift; path = Color.swift; sourceTree = "<group>"; };
		43A0793C2925354C00D76D42 /* HomeView.swift */ = {isa = PBXFileReference; lastKnownFileType = sourcecode.swift; path = HomeView.swift; sourceTree = "<group>"; };
		43A07941292580FF00D76D42 /* CircleButtonView.swift */ = {isa = PBXFileReference; lastKnownFileType = sourcecode.swift; path = CircleButtonView.swift; sourceTree = "<group>"; };
		43A079452925873800D76D42 /* CircleButtonAnimationView.swift */ = {isa = PBXFileReference; lastKnownFileType = sourcecode.swift; path = CircleButtonAnimationView.swift; sourceTree = "<group>"; };
		43A079472926803A00D76D42 /* CoinModel.swift */ = {isa = PBXFileReference; lastKnownFileType = sourcecode.swift; path = CoinModel.swift; sourceTree = "<group>"; };
		43A0794A2926AED500D76D42 /* CoinRowView.swift */ = {isa = PBXFileReference; lastKnownFileType = sourcecode.swift; path = CoinRowView.swift; sourceTree = "<group>"; };
		43A0794C2926AF4D00D76D42 /* PreviewProvider.swift */ = {isa = PBXFileReference; lastKnownFileType = sourcecode.swift; path = PreviewProvider.swift; sourceTree = "<group>"; };
		43A0794E2926B40400D76D42 /* Double.swift */ = {isa = PBXFileReference; lastKnownFileType = sourcecode.swift; path = Double.swift; sourceTree = "<group>"; };
/* End PBXFileReference section */

/* Begin PBXFrameworksBuildPhase section */
		43A0792329252CEB00D76D42 /* Frameworks */ = {
			isa = PBXFrameworksBuildPhase;
			buildActionMask = 2147483647;
			files = (
			);
			runOnlyForDeploymentPostprocessing = 0;
		};
/* End PBXFrameworksBuildPhase section */

/* Begin PBXGroup section */
		4344696D2927CEC100FE0FB9 /* ViewModels */ = {
			isa = PBXGroup;
			children = (
				4344696B2927CEBD00FE0FB9 /* HomeViewModel.swift */,
			);
			path = ViewModels;
			sourceTree = "<group>";
		};
		4344698F292ABFC400FE0FB9 /* Services */ = {
			isa = PBXGroup;
			children = (
				4344698D292ABFBF00FE0FB9 /* CoinDataService.swift */,
			);
			path = Services;
			sourceTree = "<group>";
		};
		43446992292AD1D700FE0FB9 /* Utilities */ = {
			isa = PBXGroup;
			children = (
				43446990292AD1C300FE0FB9 /* NetworkingManager.swift */,
			);
			path = Utilities;
			sourceTree = "<group>";
		};
		4344699329311AB100FE0FB9 /* CoinImage */ = {
			isa = PBXGroup;
			children = (
				4344699429311AD600FE0FB9 /* CoinImageView.swift */,
			);
			path = CoinImage;
			sourceTree = "<group>";
		};
		43A0791D29252CEB00D76D42 = {
			isa = PBXGroup;
			children = (
				43A0792829252CEB00D76D42 /* SwiftfulCrypto */,
				43A0792729252CEB00D76D42 /* Products */,
			);
			sourceTree = "<group>";
		};
		43A0792729252CEB00D76D42 /* Products */ = {
			isa = PBXGroup;
			children = (
				43A0792629252CEB00D76D42 /* SwiftfulCrypto.app */,
			);
			name = Products;
			sourceTree = "<group>";
		};
		43A0792829252CEB00D76D42 /* SwiftfulCrypto */ = {
			isa = PBXGroup;
			children = (
				43A0792929252CEB00D76D42 /* SwiftfulCryptoApp.swift */,
				43446992292AD1D700FE0FB9 /* Utilities */,
				4344698F292ABFC400FE0FB9 /* Services */,
				43A0793B2925309300D76D42 /* Extensions */,
				43A079492926804C00D76D42 /* Models */,
				43A0793E2925355500D76D42 /* Core */,
				43A0792B29252CEB00D76D42 /* ContentView.swift */,
				43A0792D29252CEC00D76D42 /* Assets.xcassets */,
				43A0792F29252CEC00D76D42 /* Preview Content */,
			);
			path = SwiftfulCrypto;
			sourceTree = "<group>";
		};
		43A0792F29252CEC00D76D42 /* Preview Content */ = {
			isa = PBXGroup;
			children = (
				43A0793029252CEC00D76D42 /* Preview Assets.xcassets */,
			);
			path = "Preview Content";
			sourceTree = "<group>";
		};
		43A0793B2925309300D76D42 /* Extensions */ = {
			isa = PBXGroup;
			children = (
				43A079392925308B00D76D42 /* Color.swift */,
				43A0794E2926B40400D76D42 /* Double.swift */,
				43A0794C2926AF4D00D76D42 /* PreviewProvider.swift */,
			);
			path = Extensions;
			sourceTree = "<group>";
		};
		43A0793E2925355500D76D42 /* Core */ = {
			isa = PBXGroup;
			children = (
				43A0793F2925355F00D76D42 /* Home */,
			);
			path = Core;
			sourceTree = "<group>";
		};
		43A0793F2925355F00D76D42 /* Home */ = {
			isa = PBXGroup;
			children = (
				43A079432925810500D76D42 /* Components */,
				43A079402925356C00D76D42 /* Views */,
				4344696D2927CEC100FE0FB9 /* ViewModels */,
			);
			path = Home;
			sourceTree = "<group>";
		};
		43A079402925356C00D76D42 /* Views */ = {
			isa = PBXGroup;
			children = (
				43A0793C2925354C00D76D42 /* HomeView.swift */,
				43A0794A2926AED500D76D42 /* CoinRowView.swift */,
			);
			path = Views;
			sourceTree = "<group>";
		};
		43A079432925810500D76D42 /* Components */ = {
			isa = PBXGroup;
			children = (
				4344699329311AB100FE0FB9 /* CoinImage */,
				43A079442925811700D76D42 /* CircleButton */,
			);
			path = Components;
			sourceTree = "<group>";
		};
		43A079442925811700D76D42 /* CircleButton */ = {
			isa = PBXGroup;
			children = (
				43A07941292580FF00D76D42 /* CircleButtonView.swift */,
				43A079452925873800D76D42 /* CircleButtonAnimationView.swift */,
			);
			path = CircleButton;
			sourceTree = "<group>";
		};
		43A079492926804C00D76D42 /* Models */ = {
			isa = PBXGroup;
			children = (
				43A079472926803A00D76D42 /* CoinModel.swift */,
			);
			path = Models;
			sourceTree = "<group>";
		};
/* End PBXGroup section */

/* Begin PBXNativeTarget section */
		43A0792529252CEB00D76D42 /* SwiftfulCrypto */ = {
			isa = PBXNativeTarget;
			buildConfigurationList = 43A0793429252CEC00D76D42 /* Build configuration list for PBXNativeTarget "SwiftfulCrypto" */;
			buildPhases = (
				43A0792229252CEB00D76D42 /* Sources */,
				43A0792329252CEB00D76D42 /* Frameworks */,
				43A0792429252CEB00D76D42 /* Resources */,
			);
			buildRules = (
			);
			dependencies = (
			);
			name = SwiftfulCrypto;
			productName = SwiftfulCrypto;
			productReference = 43A0792629252CEB00D76D42 /* SwiftfulCrypto.app */;
			productType = "com.apple.product-type.application";
		};
/* End PBXNativeTarget section */

/* Begin PBXProject section */
		43A0791E29252CEB00D76D42 /* Project object */ = {
			isa = PBXProject;
			attributes = {
				BuildIndependentTargetsInParallel = 1;
				LastSwiftUpdateCheck = 1410;
				LastUpgradeCheck = 1410;
				TargetAttributes = {
					43A0792529252CEB00D76D42 = {
						CreatedOnToolsVersion = 14.1;
					};
				};
			};
			buildConfigurationList = 43A0792129252CEB00D76D42 /* Build configuration list for PBXProject "SwiftfulCrypto" */;
			compatibilityVersion = "Xcode 14.0";
			developmentRegion = en;
			hasScannedForEncodings = 0;
			knownRegions = (
				en,
				Base,
			);
			mainGroup = 43A0791D29252CEB00D76D42;
			productRefGroup = 43A0792729252CEB00D76D42 /* Products */;
			projectDirPath = "";
			projectRoot = "";
			targets = (
				43A0792529252CEB00D76D42 /* SwiftfulCrypto */,
			);
		};
/* End PBXProject section */

/* Begin PBXResourcesBuildPhase section */
		43A0792429252CEB00D76D42 /* Resources */ = {
			isa = PBXResourcesBuildPhase;
			buildActionMask = 2147483647;
			files = (
				43A0793129252CEC00D76D42 /* Preview Assets.xcassets in Resources */,
				43A0792E29252CEC00D76D42 /* Assets.xcassets in Resources */,
			);
			runOnlyForDeploymentPostprocessing = 0;
		};
/* End PBXResourcesBuildPhase section */

/* Begin PBXSourcesBuildPhase section */
		43A0792229252CEB00D76D42 /* Sources */ = {
			isa = PBXSourcesBuildPhase;
			buildActionMask = 2147483647;
			files = (
				4344698E292ABFBF00FE0FB9 /* CoinDataService.swift in Sources */,
				43A0794B2926AED500D76D42 /* CoinRowView.swift in Sources */,
				4344696C2927CEBD00FE0FB9 /* HomeViewModel.swift in Sources */,
				43A0792C29252CEB00D76D42 /* ContentView.swift in Sources */,
				43A0793D2925354C00D76D42 /* HomeView.swift in Sources */,
				4344699529311AD600FE0FB9 /* CoinImageView.swift in Sources */,
				43A0792A29252CEB00D76D42 /* SwiftfulCryptoApp.swift in Sources */,
				43A07942292580FF00D76D42 /* CircleButtonView.swift in Sources */,
				43A0793A2925308B00D76D42 /* Color.swift in Sources */,
				43446991292AD1C300FE0FB9 /* NetworkingManager.swift in Sources */,
				43A079462925873800D76D42 /* CircleButtonAnimationView.swift in Sources */,
				43A0794D2926AF4D00D76D42 /* PreviewProvider.swift in Sources */,
				43A0794F2926B40400D76D42 /* Double.swift in Sources */,
				43A079482926803A00D76D42 /* CoinModel.swift in Sources */,
			);
			runOnlyForDeploymentPostprocessing = 0;
		};
/* End PBXSourcesBuildPhase section */

/* Begin XCBuildConfiguration section */
		43A0793229252CEC00D76D42 /* Debug */ = {
			isa = XCBuildConfiguration;
			buildSettings = {
				ALWAYS_SEARCH_USER_PATHS = NO;
				CLANG_ANALYZER_NONNULL = YES;
				CLANG_ANALYZER_NUMBER_OBJECT_CONVERSION = YES_AGGRESSIVE;
				CLANG_CXX_LANGUAGE_STANDARD = "gnu++20";
				CLANG_ENABLE_MODULES = YES;
				CLANG_ENABLE_OBJC_ARC = YES;
				CLANG_ENABLE_OBJC_WEAK = YES;
				CLANG_WARN_BLOCK_CAPTURE_AUTORELEASING = YES;
				CLANG_WARN_BOOL_CONVERSION = YES;
				CLANG_WARN_COMMA = YES;
				CLANG_WARN_CONSTANT_CONVERSION = YES;
				CLANG_WARN_DEPRECATED_OBJC_IMPLEMENTATIONS = YES;
				CLANG_WARN_DIRECT_OBJC_ISA_USAGE = YES_ERROR;
				CLANG_WARN_DOCUMENTATION_COMMENTS = YES;
				CLANG_WARN_EMPTY_BODY = YES;
				CLANG_WARN_ENUM_CONVERSION = YES;
				CLANG_WARN_INFINITE_RECURSION = YES;
				CLANG_WARN_INT_CONVERSION = YES;
				CLANG_WARN_NON_LITERAL_NULL_CONVERSION = YES;
				CLANG_WARN_OBJC_IMPLICIT_RETAIN_SELF = YES;
				CLANG_WARN_OBJC_LITERAL_CONVERSION = YES;
				CLANG_WARN_OBJC_ROOT_CLASS = YES_ERROR;
				CLANG_WARN_QUOTED_INCLUDE_IN_FRAMEWORK_HEADER = YES;
				CLANG_WARN_RANGE_LOOP_ANALYSIS = YES;
				CLANG_WARN_STRICT_PROTOTYPES = YES;
				CLANG_WARN_SUSPICIOUS_MOVE = YES;
				CLANG_WARN_UNGUARDED_AVAILABILITY = YES_AGGRESSIVE;
				CLANG_WARN_UNREACHABLE_CODE = YES;
				CLANG_WARN__DUPLICATE_METHOD_MATCH = YES;
				COPY_PHASE_STRIP = NO;
				DEBUG_INFORMATION_FORMAT = dwarf;
				ENABLE_STRICT_OBJC_MSGSEND = YES;
				ENABLE_TESTABILITY = YES;
				GCC_C_LANGUAGE_STANDARD = gnu11;
				GCC_DYNAMIC_NO_PIC = NO;
				GCC_NO_COMMON_BLOCKS = YES;
				GCC_OPTIMIZATION_LEVEL = 0;
				GCC_PREPROCESSOR_DEFINITIONS = (
					"DEBUG=1",
					"$(inherited)",
				);
				GCC_WARN_64_TO_32_BIT_CONVERSION = YES;
				GCC_WARN_ABOUT_RETURN_TYPE = YES_ERROR;
				GCC_WARN_UNDECLARED_SELECTOR = YES;
				GCC_WARN_UNINITIALIZED_AUTOS = YES_AGGRESSIVE;
				GCC_WARN_UNUSED_FUNCTION = YES;
				GCC_WARN_UNUSED_VARIABLE = YES;
				IPHONEOS_DEPLOYMENT_TARGET = 16.1;
				MTL_ENABLE_DEBUG_INFO = INCLUDE_SOURCE;
				MTL_FAST_MATH = YES;
				ONLY_ACTIVE_ARCH = YES;
				SDKROOT = iphoneos;
				SWIFT_ACTIVE_COMPILATION_CONDITIONS = DEBUG;
				SWIFT_OPTIMIZATION_LEVEL = "-Onone";
			};
			name = Debug;
		};
		43A0793329252CEC00D76D42 /* Release */ = {
			isa = XCBuildConfiguration;
			buildSettings = {
				ALWAYS_SEARCH_USER_PATHS = NO;
				CLANG_ANALYZER_NONNULL = YES;
				CLANG_ANALYZER_NUMBER_OBJECT_CONVERSION = YES_AGGRESSIVE;
				CLANG_CXX_LANGUAGE_STANDARD = "gnu++20";
				CLANG_ENABLE_MODULES = YES;
				CLANG_ENABLE_OBJC_ARC = YES;
				CLANG_ENABLE_OBJC_WEAK = YES;
				CLANG_WARN_BLOCK_CAPTURE_AUTORELEASING = YES;
				CLANG_WARN_BOOL_CONVERSION = YES;
				CLANG_WARN_COMMA = YES;
				CLANG_WARN_CONSTANT_CONVERSION = YES;
				CLANG_WARN_DEPRECATED_OBJC_IMPLEMENTATIONS = YES;
				CLANG_WARN_DIRECT_OBJC_ISA_USAGE = YES_ERROR;
				CLANG_WARN_DOCUMENTATION_COMMENTS = YES;
				CLANG_WARN_EMPTY_BODY = YES;
				CLANG_WARN_ENUM_CONVERSION = YES;
				CLANG_WARN_INFINITE_RECURSION = YES;
				CLANG_WARN_INT_CONVERSION = YES;
				CLANG_WARN_NON_LITERAL_NULL_CONVERSION = YES;
				CLANG_WARN_OBJC_IMPLICIT_RETAIN_SELF = YES;
				CLANG_WARN_OBJC_LITERAL_CONVERSION = YES;
				CLANG_WARN_OBJC_ROOT_CLASS = YES_ERROR;
				CLANG_WARN_QUOTED_INCLUDE_IN_FRAMEWORK_HEADER = YES;
				CLANG_WARN_RANGE_LOOP_ANALYSIS = YES;
				CLANG_WARN_STRICT_PROTOTYPES = YES;
				CLANG_WARN_SUSPICIOUS_MOVE = YES;
				CLANG_WARN_UNGUARDED_AVAILABILITY = YES_AGGRESSIVE;
				CLANG_WARN_UNREACHABLE_CODE = YES;
				CLANG_WARN__DUPLICATE_METHOD_MATCH = YES;
				COPY_PHASE_STRIP = NO;
				DEBUG_INFORMATION_FORMAT = "dwarf-with-dsym";
				ENABLE_NS_ASSERTIONS = NO;
				ENABLE_STRICT_OBJC_MSGSEND = YES;
				GCC_C_LANGUAGE_STANDARD = gnu11;
				GCC_NO_COMMON_BLOCKS = YES;
				GCC_WARN_64_TO_32_BIT_CONVERSION = YES;
				GCC_WARN_ABOUT_RETURN_TYPE = YES_ERROR;
				GCC_WARN_UNDECLARED_SELECTOR = YES;
				GCC_WARN_UNINITIALIZED_AUTOS = YES_AGGRESSIVE;
				GCC_WARN_UNUSED_FUNCTION = YES;
				GCC_WARN_UNUSED_VARIABLE = YES;
				IPHONEOS_DEPLOYMENT_TARGET = 16.1;
				MTL_ENABLE_DEBUG_INFO = NO;
				MTL_FAST_MATH = YES;
				SDKROOT = iphoneos;
				SWIFT_COMPILATION_MODE = wholemodule;
				SWIFT_OPTIMIZATION_LEVEL = "-O";
				VALIDATE_PRODUCT = YES;
			};
			name = Release;
		};
		43A0793529252CEC00D76D42 /* Debug */ = {
			isa = XCBuildConfiguration;
			buildSettings = {
				ASSETCATALOG_COMPILER_APPICON_NAME = AppIcon;
				ASSETCATALOG_COMPILER_GLOBAL_ACCENT_COLOR_NAME = AccentColor;
				CODE_SIGN_STYLE = Automatic;
				CURRENT_PROJECT_VERSION = 1;
				DEVELOPMENT_ASSET_PATHS = "\"SwiftfulCrypto/Preview Content\"";
				DEVELOPMENT_TEAM = 97MHK6W334;
				ENABLE_PREVIEWS = YES;
				GENERATE_INFOPLIST_FILE = YES;
				INFOPLIST_KEY_CFBundleDisplayName = "Crypto Tracker";
				INFOPLIST_KEY_UIApplicationSceneManifest_Generation = YES;
				INFOPLIST_KEY_UIApplicationSupportsIndirectInputEvents = YES;
				INFOPLIST_KEY_UILaunchScreen_Generation = YES;
				INFOPLIST_KEY_UISupportedInterfaceOrientations = UIInterfaceOrientationPortrait;
				INFOPLIST_KEY_UISupportedInterfaceOrientations_iPad = "UIInterfaceOrientationLandscapeLeft UIInterfaceOrientationLandscapeRight UIInterfaceOrientationPortrait UIInterfaceOrientationPortraitUpsideDown";
				IPHONEOS_DEPLOYMENT_TARGET = 14.0;
				LD_RUNPATH_SEARCH_PATHS = (
					"$(inherited)",
					"@executable_path/Frameworks",
				);
				MARKETING_VERSION = 1.0;
				PRODUCT_BUNDLE_IDENTIFIER = com.studioKaori.SwiftfulCrypto;
				PRODUCT_NAME = "$(TARGET_NAME)";
				SWIFT_EMIT_LOC_STRINGS = YES;
				SWIFT_VERSION = 5.0;
				TARGETED_DEVICE_FAMILY = "1,2";
			};
			name = Debug;
		};
		43A0793629252CEC00D76D42 /* Release */ = {
			isa = XCBuildConfiguration;
			buildSettings = {
				ASSETCATALOG_COMPILER_APPICON_NAME = AppIcon;
				ASSETCATALOG_COMPILER_GLOBAL_ACCENT_COLOR_NAME = AccentColor;
				CODE_SIGN_STYLE = Automatic;
				CURRENT_PROJECT_VERSION = 1;
				DEVELOPMENT_ASSET_PATHS = "\"SwiftfulCrypto/Preview Content\"";
				DEVELOPMENT_TEAM = 97MHK6W334;
				ENABLE_PREVIEWS = YES;
				GENERATE_INFOPLIST_FILE = YES;
				INFOPLIST_KEY_CFBundleDisplayName = "Crypto Tracker";
				INFOPLIST_KEY_UIApplicationSceneManifest_Generation = YES;
				INFOPLIST_KEY_UIApplicationSupportsIndirectInputEvents = YES;
				INFOPLIST_KEY_UILaunchScreen_Generation = YES;
				INFOPLIST_KEY_UISupportedInterfaceOrientations = UIInterfaceOrientationPortrait;
				INFOPLIST_KEY_UISupportedInterfaceOrientations_iPad = "UIInterfaceOrientationLandscapeLeft UIInterfaceOrientationLandscapeRight UIInterfaceOrientationPortrait UIInterfaceOrientationPortraitUpsideDown";
				IPHONEOS_DEPLOYMENT_TARGET = 14.0;
				LD_RUNPATH_SEARCH_PATHS = (
					"$(inherited)",
					"@executable_path/Frameworks",
				);
				MARKETING_VERSION = 1.0;
				PRODUCT_BUNDLE_IDENTIFIER = com.studioKaori.SwiftfulCrypto;
				PRODUCT_NAME = "$(TARGET_NAME)";
				SWIFT_EMIT_LOC_STRINGS = YES;
				SWIFT_VERSION = 5.0;
				TARGETED_DEVICE_FAMILY = "1,2";
			};
			name = Release;
		};
/* End XCBuildConfiguration section */

/* Begin XCConfigurationList section */
		43A0792129252CEB00D76D42 /* Build configuration list for PBXProject "SwiftfulCrypto" */ = {
			isa = XCConfigurationList;
			buildConfigurations = (
				43A0793229252CEC00D76D42 /* Debug */,
				43A0793329252CEC00D76D42 /* Release */,
			);
			defaultConfigurationIsVisible = 0;
			defaultConfigurationName = Release;
		};
		43A0793429252CEC00D76D42 /* Build configuration list for PBXNativeTarget "SwiftfulCrypto" */ = {
			isa = XCConfigurationList;
			buildConfigurations = (
				43A0793529252CEC00D76D42 /* Debug */,
				43A0793629252CEC00D76D42 /* Release */,
			);
			defaultConfigurationIsVisible = 0;
			defaultConfigurationName = Release;
		};
/* End XCConfigurationList section */
	};
	rootObject = 43A0791E29252CEB00D76D42 /* Project object */;
}
